
Microsoft Visual Studio Solution File, Format Version 12.00
# Visual Studio Version 16
VisualStudioVersion = 16.0.32901.82
MinimumVisualStudioVersion = 10.0.40219.1
Project("{FAE04EC0-301F-11D3-BF4B-00C04F79EFBC}") = "NewWebApp1", "NewWebApp1.csproj", "{26FA2DF5-6C57-4372-9862-11428A378811}"
EndProject
Global
	GlobalSection(SolutionConfigurationPlatforms) = preSolution
		Debug|Any CPU = Debug|Any CPU
		Release|Any CPU = Release|Any CPU
	EndGlobalSection
	GlobalSection(ProjectConfigurationPlatforms) = postSolution
		{26FA2DF5-6C57-4372-9862-11428A378811}.Debug|Any CPU.ActiveCfg = Debug|Any CPU
		{26FA2DF5-6C57-4372-9862-11428A378811}.Debug|Any CPU.Build.0 = Debug|Any CPU
		{26FA2DF5-6C57-4372-9862-11428A378811}.Release|Any CPU.ActiveCfg = Release|Any CPU
		{26FA2DF5-6C57-4372-9862-11428A378811}.Release|Any CPU.Build.0 = Release|Any CPU
	EndGlobalSection
	GlobalSection(SolutionProperties) = preSolution
		HideSolutionNode = FALSE
	EndGlobalSection
	GlobalSection(ExtensibilityGlobals) = postSolution
		SolutionGuid = {DBDF9449-A816-42DA-97DC-12DD677F5720}
	EndGlobalSection
EndGlobal
